
Microsoft Visual Studio Solution File, Format Version 12.00
# Visual Studio Version 16
VisualStudioVersion = 16.0.30413.136
MinimumVisualStudioVersion = 10.0.40219.1
Project("{9A19103F-16F7-4668-BE54-9A1E7A4F7556}") = "MVVM.DesktopGUI", "MVVM.DesktopGUI\MVVM.DesktopGUI.csproj", "{DA9696D1-13A7-4360-8731-6944149F2CC4}"
EndProject
Project("{9A19103F-16F7-4668-BE54-9A1E7A4F7556}") = "MVVM.DataAccess", "MVVM.DataAccess\MVVM.DataAccess.csproj", "{D87F8D2E-7616-4F57-8959-F0727121CAE3}"
EndProject
Project("{9A19103F-16F7-4668-BE54-9A1E7A4F7556}") = "MVVM.DataAccess.Entities", "MVVM.DataAccess.Entities\MVVM.DataAccess.Entities.csproj", "{E0FCAFFB-337E-4C8F-A396-194BE1159F26}"
EndProject
Project("{9A19103F-16F7-4668-BE54-9A1E7A4F7556}") = "MVVM.Tests", "MVVM.Tests\MVVM.Tests.csproj", "{6ACC35EE-3C82-4E82-A43A-7E888E035ADA}"
EndProject
Project("{9A19103F-16F7-4668-BE54-9A1E7A4F7556}") = "MVVM.Utilities", "MVVM.Utilities\MVVM.Utilities.csproj", "{1C50E10A-6F67-49D6-99BD-C779EE2F6E02}"
EndProject
Project("{FAE04EC0-301F-11D3-BF4B-00C04F79EFBC}") = "MVVM.Entities", "MVVM.Entities\MVVM.Entities.csproj", "{63E295FB-EC28-4A5B-88F3-A50CB6AF3952}"
EndProject
Global
	GlobalSection(SolutionConfigurationPlatforms) = preSolution
		Debug|Any CPU = Debug|Any CPU
		Release|Any CPU = Release|Any CPU
	EndGlobalSection
	GlobalSection(ProjectConfigurationPlatforms) = postSolution
		{DA9696D1-13A7-4360-8731-6944149F2CC4}.Debug|Any CPU.ActiveCfg = Debug|Any CPU
		{DA9696D1-13A7-4360-8731-6944149F2CC4}.Debug|Any CPU.Build.0 = Debug|Any CPU
		{DA9696D1-13A7-4360-8731-6944149F2CC4}.Release|Any CPU.ActiveCfg = Release|Any CPU
		{DA9696D1-13A7-4360-8731-6944149F2CC4}.Release|Any CPU.Build.0 = Release|Any CPU
		{D87F8D2E-7616-4F57-8959-F0727121CAE3}.Debug|Any CPU.ActiveCfg = Debug|Any CPU
		{D87F8D2E-7616-4F57-8959-F0727121CAE3}.Debug|Any CPU.Build.0 = Debug|Any CPU
		{D87F8D2E-7616-4F57-8959-F0727121CAE3}.Release|Any CPU.ActiveCfg = Release|Any CPU
		{D87F8D2E-7616-4F57-8959-F0727121CAE3}.Release|Any CPU.Build.0 = Release|Any CPU
		{E0FCAFFB-337E-4C8F-A396-194BE1159F26}.Debug|Any CPU.ActiveCfg = Debug|Any CPU
		{E0FCAFFB-337E-4C8F-A396-194BE1159F26}.Debug|Any CPU.Build.0 = Debug|Any CPU
		{E0FCAFFB-337E-4C8F-A396-194BE1159F26}.Release|Any CPU.ActiveCfg = Release|Any CPU
		{E0FCAFFB-337E-4C8F-A396-194BE1159F26}.Release|Any CPU.Build.0 = Release|Any CPU
		{6ACC35EE-3C82-4E82-A43A-7E888E035ADA}.Debug|Any CPU.ActiveCfg = Debug|Any CPU
		{6ACC35EE-3C82-4E82-A43A-7E888E035ADA}.Debug|Any CPU.Build.0 = Debug|Any CPU
		{6ACC35EE-3C82-4E82-A43A-7E888E035ADA}.Release|Any CPU.ActiveCfg = Release|Any CPU
		{6ACC35EE-3C82-4E82-A43A-7E888E035ADA}.Release|Any CPU.Build.0 = Release|Any CPU
		{1C50E10A-6F67-49D6-99BD-C779EE2F6E02}.Debug|Any CPU.ActiveCfg = Debug|Any CPU
		{1C50E10A-6F67-49D6-99BD-C779EE2F6E02}.Debug|Any CPU.Build.0 = Debug|Any CPU
		{1C50E10A-6F67-49D6-99BD-C779EE2F6E02}.Release|Any CPU.ActiveCfg = Release|Any CPU
		{1C50E10A-6F67-49D6-99BD-C779EE2F6E02}.Release|Any CPU.Build.0 = Release|Any CPU
		{63E295FB-EC28-4A5B-88F3-A50CB6AF3952}.Debug|Any CPU.ActiveCfg = Debug|Any CPU
		{63E295FB-EC28-4A5B-88F3-A50CB6AF3952}.Debug|Any CPU.Build.0 = Debug|Any CPU
		{63E295FB-EC28-4A5B-88F3-A50CB6AF3952}.Release|Any CPU.ActiveCfg = Release|Any CPU
		{63E295FB-EC28-4A5B-88F3-A50CB6AF3952}.Release|Any CPU.Build.0 = Release|Any CPU
	EndGlobalSection
	GlobalSection(SolutionProperties) = preSolution
		HideSolutionNode = FALSE
	EndGlobalSection
	GlobalSection(ExtensibilityGlobals) = postSolution
		SolutionGuid = {1D5E6A90-AED2-442D-8EBB-3C620994A340}
	EndGlobalSection
EndGlobal
